
Microsoft Visual Studio Solution File, Format Version 12.00
# Visual Studio Version 16
VisualStudioVersion = 16.0.30104.148
MinimumVisualStudioVersion = 10.0.40219.1
Project("{8BC9CEB8-8B4A-11D0-8D11-00A0C91BC942}") = "TaschenrechnerV1", "TaschenrechnerV1.vcxproj", "{9FFD5AFF-464B-47BE-9CD6-9547F2912B7C}"
EndProject
Project("{8BC9CEB8-8B4A-11D0-8D11-00A0C91BC942}") = "TaschenrechnerV2", "..\TaschenrechnerV2\TaschenrechnerV2.vcxproj", "{89A66F59-4AEB-4D1A-B688-D29E2245AD3C}"
EndProject
Global
	GlobalSection(SolutionConfigurationPlatforms) = preSolution
		Debug|x64 = Debug|x64
		Debug|x86 = Debug|x86
		Release|x64 = Release|x64
		Release|x86 = Release|x86
	EndGlobalSection
	GlobalSection(ProjectConfigurationPlatforms) = postSolution
		{9FFD5AFF-464B-47BE-9CD6-9547F2912B7C}.Debug|x64.ActiveCfg = Debug|x64
		{9FFD5AFF-464B-47BE-9CD6-9547F2912B7C}.Debug|x64.Build.0 = Debug|x64
		{9FFD5AFF-464B-47BE-9CD6-9547F2912B7C}.Debug|x86.ActiveCfg = Debug|Win32
		{9FFD5AFF-464B-47BE-9CD6-9547F2912B7C}.Debug|x86.Build.0 = Debug|Win32
		{9FFD5AFF-464B-47BE-9CD6-9547F2912B7C}.Release|x64.ActiveCfg = Release|x64
		{9FFD5AFF-464B-47BE-9CD6-9547F2912B7C}.Release|x64.Build.0 = Release|x64
		{9FFD5AFF-464B-47BE-9CD6-9547F2912B7C}.Release|x86.ActiveCfg = Release|Win32
		{9FFD5AFF-464B-47BE-9CD6-9547F2912B7C}.Release|x86.Build.0 = Release|Win32
		{89A66F59-4AEB-4D1A-B688-D29E2245AD3C}.Debug|x64.ActiveCfg = Debug|x64
		{89A66F59-4AEB-4D1A-B688-D29E2245AD3C}.Debug|x64.Build.0 = Debug|x64
		{89A66F59-4AEB-4D1A-B688-D29E2245AD3C}.Debug|x86.ActiveCfg = Debug|x64
		{89A66F59-4AEB-4D1A-B688-D29E2245AD3C}.Release|x64.ActiveCfg = Release|x64
		{89A66F59-4AEB-4D1A-B688-D29E2245AD3C}.Release|x64.Build.0 = Release|x64
		{89A66F59-4AEB-4D1A-B688-D29E2245AD3C}.Release|x86.ActiveCfg = Release|x64
	EndGlobalSection
	GlobalSection(SolutionProperties) = preSolution
		HideSolutionNode = FALSE
	EndGlobalSection
	GlobalSection(ExtensibilityGlobals) = postSolution
		SolutionGuid = {D67FD8F8-308D-4073-8C14-E5021853431D}
	EndGlobalSection
EndGlobal
